// !$*UTF8*$!
{
	archiveVersion = 1;
	classes = {
	};
	objectVersion = 46;
	objects = {

/* Begin PBXBuildFile section */
		12D509BB1BBC5585005FC9B8 /* AppDelegate.swift in Sources */ = {isa = PBXBuildFile; fileRef = 12D509BA1BBC5585005FC9B8 /* AppDelegate.swift */; };
		12D509BD1BBC5585005FC9B8 /* ViewController.swift in Sources */ = {isa = PBXBuildFile; fileRef = 12D509BC1BBC5585005FC9B8 /* ViewController.swift */; };
		12D509C01BBC5585005FC9B8 /* Main.storyboard in Resources */ = {isa = PBXBuildFile; fileRef = 12D509BE1BBC5585005FC9B8 /* Main.storyboard */; };
		12D509C21BBC5585005FC9B8 /* Assets.xcassets in Resources */ = {isa = PBXBuildFile; fileRef = 12D509C11BBC5585005FC9B8 /* Assets.xcassets */; };
		12D509C51BBC5585005FC9B8 /* LaunchScreen.storyboard in Resources */ = {isa = PBXBuildFile; fileRef = 12D509C31BBC5585005FC9B8 /* LaunchScreen.storyboard */; };
		12D509D01BBC5586005FC9B8 /* FloatingHeadsTests.swift in Sources */ = {isa = PBXBuildFile; fileRef = 12D509CF1BBC5586005FC9B8 /* FloatingHeadsTests.swift */; };
		12D509DB1BBC5686005FC9B8 /* Floating-Heads.xcassets in Resources */ = {isa = PBXBuildFile; fileRef = 12D509DA1BBC5686005FC9B8 /* Floating-Heads.xcassets */; settings = {ASSET_TAGS = (); }; };
		12D509DD1BBC57FF005FC9B8 /* FloatingButton.swift in Sources */ = {isa = PBXBuildFile; fileRef = 12D509DC1BBC57FF005FC9B8 /* FloatingButton.swift */; settings = {ASSET_TAGS = (); }; };
		12D509DF1BBC583E005FC9B8 /* UIColor+FlatColors.swift in Sources */ = {isa = PBXBuildFile; fileRef = 12D509DE1BBC583E005FC9B8 /* UIColor+FlatColors.swift */; settings = {ASSET_TAGS = (); }; };
		12D509E11BBC5E2C005FC9B8 /* UIColor+PixelImage.swift in Sources */ = {isa = PBXBuildFile; fileRef = 12D509E01BBC5E2C005FC9B8 /* UIColor+PixelImage.swift */; settings = {ASSET_TAGS = (); }; };
		12D509E31BBC64C5005FC9B8 /* FloatingMenuController.swift in Sources */ = {isa = PBXBuildFile; fileRef = 12D509E21BBC64C5005FC9B8 /* FloatingMenuController.swift */; settings = {ASSET_TAGS = (); }; };
/* End PBXBuildFile section */

/* Begin PBXContainerItemProxy section */
		12D509CC1BBC5586005FC9B8 /* PBXContainerItemProxy */ = {
			isa = PBXContainerItemProxy;
			containerPortal = 12D509AF1BBC5585005FC9B8 /* Project object */;
			proxyType = 1;
			remoteGlobalIDString = 12D509B61BBC5585005FC9B8;
			remoteInfo = FloatingHeads;
		};
/* End PBXContainerItemProxy section */

/* Begin PBXFileReference section */
		12D509B71BBC5585005FC9B8 /* FloatingHeads.app */ = {isa = PBXFileReference; explicitFileType = wrapper.application; includeInIndex = 0; path = FloatingHeads.app; sourceTree = BUILT_PRODUCTS_DIR; };
		12D509BA1BBC5585005FC9B8 /* AppDelegate.swift */ = {isa = PBXFileReference; lastKnownFileType = sourcecode.swift; path = AppDelegate.swift; sourceTree = "<group>"; };
		12D509BC1BBC5585005FC9B8 /* ViewController.swift */ = {isa = PBXFileReference; lastKnownFileType = sourcecode.swift; path = ViewController.swift; sourceTree = "<group>"; };
		12D509BF1BBC5585005FC9B8 /* Base */ = {isa = PBXFileReference; lastKnownFileType = file.storyboard; name = Base; path = Base.lproj/Main.storyboard; sourceTree = "<group>"; };
		12D509C11BBC5585005FC9B8 /* Assets.xcassets */ = {isa = PBXFileReference; lastKnownFileType = folder.assetcatalog; path = Assets.xcassets; sourceTree = "<group>"; };
		12D509C41BBC5585005FC9B8 /* Base */ = {isa = PBXFileReference; lastKnownFileType = file.storyboard; name = Base; path = Base.lproj/LaunchScreen.storyboard; sourceTree = "<group>"; };
		12D509C61BBC5585005FC9B8 /* Info.plist */ = {isa = PBXFileReference; lastKnownFileType = text.plist.xml; path = Info.plist; sourceTree = "<group>"; };
		12D509CB1BBC5586005FC9B8 /* FloatingHeadsTests.xctest */ = {isa = PBXFileReference; explicitFileType = wrapper.cfbundle; includeInIndex = 0; path = FloatingHeadsTests.xctest; sourceTree = BUILT_PRODUCTS_DIR; };
		12D509CF1BBC5586005FC9B8 /* FloatingHeadsTests.swift */ = {isa = PBXFileReference; lastKnownFileType = sourcecode.swift; path = FloatingHeadsTests.swift; sourceTree = "<group>"; };
		12D509D11BBC5586005FC9B8 /* Info.plist */ = {isa = PBXFileReference; lastKnownFileType = text.plist.xml; path = Info.plist; sourceTree = "<group>"; };
		12D509DA1BBC5686005FC9B8 /* Floating-Heads.xcassets */ = {isa = PBXFileReference; lastKnownFileType = folder.assetcatalog; path = "Floating-Heads.xcassets"; sourceTree = "<group>"; };
		12D509DC1BBC57FF005FC9B8 /* FloatingButton.swift */ = {isa = PBXFileReference; fileEncoding = 4; lastKnownFileType = sourcecode.swift; path = FloatingButton.swift; sourceTree = "<group>"; };
		12D509DE1BBC583E005FC9B8 /* UIColor+FlatColors.swift */ = {isa = PBXFileReference; fileEncoding = 4; lastKnownFileType = sourcecode.swift; path = "UIColor+FlatColors.swift"; sourceTree = "<group>"; };
		12D509E01BBC5E2C005FC9B8 /* UIColor+PixelImage.swift */ = {isa = PBXFileReference; fileEncoding = 4; lastKnownFileType = sourcecode.swift; path = "UIColor+PixelImage.swift"; sourceTree = "<group>"; };
		12D509E21BBC64C5005FC9B8 /* FloatingMenuController.swift */ = {isa = PBXFileReference; fileEncoding = 4; lastKnownFileType = sourcecode.swift; path = FloatingMenuController.swift; sourceTree = "<group>"; };
/* End PBXFileReference section */

/* Begin PBXFrameworksBuildPhase section */
		12D509B41BBC5585005FC9B8 /* Frameworks */ = {
			isa = PBXFrameworksBuildPhase;
			buildActionMask = 2147483647;
			files = (
			);
			runOnlyForDeploymentPostprocessing = 0;
		};
		12D509C81BBC5586005FC9B8 /* Frameworks */ = {
			isa = PBXFrameworksBuildPhase;
			buildActionMask = 2147483647;
			files = (
			);
			runOnlyForDeploymentPostprocessing = 0;
		};
/* End PBXFrameworksBuildPhase section */

/* Begin PBXGroup section */
		12D509AE1BBC5585005FC9B8 = {
			isa = PBXGroup;
			children = (
				12D509B91BBC5585005FC9B8 /* FloatingHeads */,
				12D509CE1BBC5586005FC9B8 /* FloatingHeadsTests */,
				12D509B81BBC5585005FC9B8 /* Products */,
			);
			sourceTree = "<group>";
		};
		12D509B81BBC5585005FC9B8 /* Products */ = {
			isa = PBXGroup;
			children = (
				12D509B71BBC5585005FC9B8 /* FloatingHeads.app */,
				12D509CB1BBC5586005FC9B8 /* FloatingHeadsTests.xctest */,
			);
			name = Products;
			sourceTree = "<group>";
		};
		12D509B91BBC5585005FC9B8 /* FloatingHeads */ = {
			isa = PBXGroup;
			children = (
				12D509BA1BBC5585005FC9B8 /* AppDelegate.swift */,
				12D509BC1BBC5585005FC9B8 /* ViewController.swift */,
				12D509E21BBC64C5005FC9B8 /* FloatingMenuController.swift */,
				12D509DC1BBC57FF005FC9B8 /* FloatingButton.swift */,
				12D509DE1BBC583E005FC9B8 /* UIColor+FlatColors.swift */,
				12D509E01BBC5E2C005FC9B8 /* UIColor+PixelImage.swift */,
				12D509BE1BBC5585005FC9B8 /* Main.storyboard */,
				12D509DA1BBC5686005FC9B8 /* Floating-Heads.xcassets */,
				12D509C11BBC5585005FC9B8 /* Assets.xcassets */,
				12D509C31BBC5585005FC9B8 /* LaunchScreen.storyboard */,
				12D509C61BBC5585005FC9B8 /* Info.plist */,
			);
			path = FloatingHeads;
			sourceTree = "<group>";
		};
		12D509CE1BBC5586005FC9B8 /* FloatingHeadsTests */ = {
			isa = PBXGroup;
			children = (
				12D509CF1BBC5586005FC9B8 /* FloatingHeadsTests.swift */,
				12D509D11BBC5586005FC9B8 /* Info.plist */,
			);
			path = FloatingHeadsTests;
			sourceTree = "<group>";
		};
/* End PBXGroup section */

/* Begin PBXNativeTarget section */
		12D509B61BBC5585005FC9B8 /* FloatingHeads */ = {
			isa = PBXNativeTarget;
			buildConfigurationList = 12D509D41BBC5586005FC9B8 /* Build configuration list for PBXNativeTarget "FloatingHeads" */;
			buildPhases = (
				12D509B31BBC5585005FC9B8 /* Sources */,
				12D509B41BBC5585005FC9B8 /* Frameworks */,
				12D509B51BBC5585005FC9B8 /* Resources */,
			);
			buildRules = (
			);
			dependencies = (
			);
			name = FloatingHeads;
			productName = FloatingHeads;
			productReference = 12D509B71BBC5585005FC9B8 /* FloatingHeads.app */;
			productType = "com.apple.product-type.application";
		};
		12D509CA1BBC5586005FC9B8 /* FloatingHeadsTests */ = {
			isa = PBXNativeTarget;
			buildConfigurationList = 12D509D71BBC5586005FC9B8 /* Build configuration list for PBXNativeTarget "FloatingHeadsTests" */;
			buildPhases = (
				12D509C71BBC5586005FC9B8 /* Sources */,
				12D509C81BBC5586005FC9B8 /* Frameworks */,
				12D509C91BBC5586005FC9B8 /* Resources */,
			);
			buildRules = (
			);
			dependencies = (
				12D509CD1BBC5586005FC9B8 /* PBXTargetDependency */,
			);
			name = FloatingHeadsTests;
			productName = FloatingHeadsTests;
			productReference = 12D509CB1BBC5586005FC9B8 /* FloatingHeadsTests.xctest */;
			productType = "com.apple.product-type.bundle.unit-test";
		};
/* End PBXNativeTarget section */

/* Begin PBXProject section */
		12D509AF1BBC5585005FC9B8 /* Project object */ = {
			isa = PBXProject;
			attributes = {
				LastUpgradeCheck = 0700;
				ORGANIZATIONNAME = asu;
				TargetAttributes = {
					12D509B61BBC5585005FC9B8 = {
						CreatedOnToolsVersion = 7.0;
					};
					12D509CA1BBC5586005FC9B8 = {
						CreatedOnToolsVersion = 7.0;
						TestTargetID = 12D509B61BBC5585005FC9B8;
					};
				};
			};
			buildConfigurationList = 12D509B21BBC5585005FC9B8 /* Build configuration list for PBXProject "FloatingHeads" */;
			compatibilityVersion = "Xcode 3.2";
			developmentRegion = English;
			hasScannedForEncodings = 0;
			knownRegions = (
				en,
				Base,
			);
			mainGroup = 12D509AE1BBC5585005FC9B8;
			productRefGroup = 12D509B81BBC5585005FC9B8 /* Products */;
			projectDirPath = "";
			projectRoot = "";
			targets = (
				12D509B61BBC5585005FC9B8 /* FloatingHeads */,
				12D509CA1BBC5586005FC9B8 /* FloatingHeadsTests */,
			);
		};
/* End PBXProject section */

/* Begin PBXResourcesBuildPhase section */
		12D509B51BBC5585005FC9B8 /* Resources */ = {
			isa = PBXResourcesBuildPhase;
			buildActionMask = 2147483647;
			files = (
				12D509C51BBC5585005FC9B8 /* LaunchScreen.storyboard in Resources */,
				12D509DB1BBC5686005FC9B8 /* Floating-Heads.xcassets in Resources */,
				12D509C21BBC5585005FC9B8 /* Assets.xcassets in Resources */,
				12D509C01BBC5585005FC9B8 /* Main.storyboard in Resources */,
			);
			runOnlyForDeploymentPostprocessing = 0;
		};
		12D509C91BBC5586005FC9B8 /* Resources */ = {
			isa = PBXResourcesBuildPhase;
			buildActionMask = 2147483647;
			files = (
			);
			runOnlyForDeploymentPostprocessing = 0;
		};
/* End PBXResourcesBuildPhase section */

/* Begin PBXSourcesBuildPhase section */
		12D509B31BBC5585005FC9B8 /* Sources */ = {
			isa = PBXSourcesBuildPhase;
			buildActionMask = 2147483647;
			files = (
				12D509E31BBC64C5005FC9B8 /* FloatingMenuController.swift in Sources */,
				12D509E11BBC5E2C005FC9B8 /* UIColor+PixelImage.swift in Sources */,
				12D509DF1BBC583E005FC9B8 /* UIColor+FlatColors.swift in Sources */,
				12D509BD1BBC5585005FC9B8 /* ViewController.swift in Sources */,
				12D509BB1BBC5585005FC9B8 /* AppDelegate.swift in Sources */,
				12D509DD1BBC57FF005FC9B8 /* FloatingButton.swift in Sources */,
			);
			runOnlyForDeploymentPostprocessing = 0;
		};
		12D509C71BBC5586005FC9B8 /* Sources */ = {
			isa = PBXSourcesBuildPhase;
			buildActionMask = 2147483647;
			files = (
				12D509D01BBC5586005FC9B8 /* FloatingHeadsTests.swift in Sources */,
			);
			runOnlyForDeploymentPostprocessing = 0;
		};
/* End PBXSourcesBuildPhase section */

/* Begin PBXTargetDependency section */
		12D509CD1BBC5586005FC9B8 /* PBXTargetDependency */ = {
			isa = PBXTargetDependency;
			target = 12D509B61BBC5585005FC9B8 /* FloatingHeads */;
			targetProxy = 12D509CC1BBC5586005FC9B8 /* PBXContainerItemProxy */;
		};
/* End PBXTargetDependency section */

/* Begin PBXVariantGroup section */
		12D509BE1BBC5585005FC9B8 /* Main.storyboard */ = {
			isa = PBXVariantGroup;
			children = (
				12D509BF1BBC5585005FC9B8 /* Base */,
			);
			name = Main.storyboard;
			sourceTree = "<group>";
		};
		12D509C31BBC5585005FC9B8 /* LaunchScreen.storyboard */ = {
			isa = PBXVariantGroup;
			children = (
				12D509C41BBC5585005FC9B8 /* Base */,
			);
			name = LaunchScreen.storyboard;
			sourceTree = "<group>";
		};
/* End PBXVariantGroup section */

/* Begin XCBuildConfiguration section */
		12D509D21BBC5586005FC9B8 /* Debug */ = {
			isa = XCBuildConfiguration;
			buildSettings = {
				ALWAYS_SEARCH_USER_PATHS = NO;
				CLANG_CXX_LANGUAGE_STANDARD = "gnu++0x";
				CLANG_CXX_LIBRARY = "libc++";
				CLANG_ENABLE_MODULES = YES;
				CLANG_ENABLE_OBJC_ARC = YES;
				CLANG_WARN_BOOL_CONVERSION = YES;
				CLANG_WARN_CONSTANT_CONVERSION = YES;
				CLANG_WARN_DIRECT_OBJC_ISA_USAGE = YES_ERROR;
				CLANG_WARN_EMPTY_BODY = YES;
				CLANG_WARN_ENUM_CONVERSION = YES;
				CLANG_WARN_INT_CONVERSION = YES;
				CLANG_WARN_OBJC_ROOT_CLASS = YES_ERROR;
				CLANG_WARN_UNREACHABLE_CODE = YES;
				CLANG_WARN__DUPLICATE_METHOD_MATCH = YES;
				"CODE_SIGN_IDENTITY[sdk=iphoneos*]" = "iPhone Developer";
				COPY_PHASE_STRIP = NO;
				DEBUG_INFORMATION_FORMAT = dwarf;
				ENABLE_STRICT_OBJC_MSGSEND = YES;
				ENABLE_TESTABILITY = YES;
				GCC_C_LANGUAGE_STANDARD = gnu99;
				GCC_DYNAMIC_NO_PIC = NO;
				GCC_NO_COMMON_BLOCKS = YES;
				GCC_OPTIMIZATION_LEVEL = 0;
				GCC_PREPROCESSOR_DEFINITIONS = (
					"DEBUG=1",
					"$(inherited)",
				);
				GCC_WARN_64_TO_32_BIT_CONVERSION = YES;
				GCC_WARN_ABOUT_RETURN_TYPE = YES_ERROR;
				GCC_WARN_UNDECLARED_SELECTOR = YES;
				GCC_WARN_UNINITIALIZED_AUTOS = YES_AGGRESSIVE;
				GCC_WARN_UNUSED_FUNCTION = YES;
				GCC_WARN_UNUSED_VARIABLE = YES;
				IPHONEOS_DEPLOYMENT_TARGET = 9.0;
				MTL_ENABLE_DEBUG_INFO = YES;
				ONLY_ACTIVE_ARCH = YES;
				SDKROOT = iphoneos;
				SWIFT_OPTIMIZATION_LEVEL = "-Onone";
				TARGETED_DEVICE_FAMILY = "1,2";
			};
			name = Debug;
		};
		12D509D31BBC5586005FC9B8 /* Release */ = {
			isa = XCBuildConfiguration;
			buildSettings = {
				ALWAYS_SEARCH_USER_PATHS = NO;
				CLANG_CXX_LANGUAGE_STANDARD = "gnu++0x";
				CLANG_CXX_LIBRARY = "libc++";
				CLANG_ENABLE_MODULES = YES;
				CLANG_ENABLE_OBJC_ARC = YES;
				CLANG_WARN_BOOL_CONVERSION = YES;
				CLANG_WARN_CONSTANT_CONVERSION = YES;
				CLANG_WARN_DIRECT_OBJC_ISA_USAGE = YES_ERROR;
				CLANG_WARN_EMPTY_BODY = YES;
				CLANG_WARN_ENUM_CONVERSION = YES;
				CLANG_WARN_INT_CONVERSION = YES;
				CLANG_WARN_OBJC_ROOT_CLASS = YES_ERROR;
				CLANG_WARN_UNREACHABLE_CODE = YES;
				CLANG_WARN__DUPLICATE_METHOD_MATCH = YES;
				"CODE_SIGN_IDENTITY[sdk=iphoneos*]" = "iPhone Developer";
				COPY_PHASE_STRIP = NO;
				DEBUG_INFORMATION_FORMAT = "dwarf-with-dsym";
				ENABLE_NS_ASSERTIONS = NO;
				ENABLE_STRICT_OBJC_MSGSEND = YES;
				GCC_C_LANGUAGE_STANDARD = gnu99;
				GCC_NO_COMMON_BLOCKS = YES;
				GCC_WARN_64_TO_32_BIT_CONVERSION = YES;
				GCC_WARN_ABOUT_RETURN_TYPE = YES_ERROR;
				GCC_WARN_UNDECLARED_SELECTOR = YES;
				GCC_WARN_UNINITIALIZED_AUTOS = YES_AGGRESSIVE;
				GCC_WARN_UNUSED_FUNCTION = YES;
				GCC_WARN_UNUSED_VARIABLE = YES;
				IPHONEOS_DEPLOYMENT_TARGET = 9.0;
				MTL_ENABLE_DEBUG_INFO = NO;
				SDKROOT = iphoneos;
				TARGETED_DEVICE_FAMILY = "1,2";
				VALIDATE_PRODUCT = YES;
			};
			name = Release;
		};
		12D509D51BBC5586005FC9B8 /* Debug */ = {
			isa = XCBuildConfiguration;
			buildSettings = {
				ASSETCATALOG_COMPILER_APPICON_NAME = AppIcon;
				INFOPLIST_FILE = FloatingHeads/Info.plist;
				LD_RUNPATH_SEARCH_PATHS = "$(inherited) @executable_path/Frameworks";
				PRODUCT_BUNDLE_IDENTIFIER = training.asu.FloatingHeads;
				PRODUCT_NAME = "$(TARGET_NAME)";
			};
			name = Debug;
		};
		12D509D61BBC5586005FC9B8 /* Release */ = {
			isa = XCBuildConfiguration;
			buildSettings = {
				ASSETCATALOG_COMPILER_APPICON_NAME = AppIcon;
				INFOPLIST_FILE = FloatingHeads/Info.plist;
				LD_RUNPATH_SEARCH_PATHS = "$(inherited) @executable_path/Frameworks";
				PRODUCT_BUNDLE_IDENTIFIER = training.asu.FloatingHeads;
				PRODUCT_NAME = "$(TARGET_NAME)";
			};
			name = Release;
		};
		12D509D81BBC5586005FC9B8 /* Debug */ = {
			isa = XCBuildConfiguration;
			buildSettings = {
				BUNDLE_LOADER = "$(TEST_HOST)";
				INFOPLIST_FILE = FloatingHeadsTests/Info.plist;
				LD_RUNPATH_SEARCH_PATHS = "$(inherited) @executable_path/Frameworks @loader_path/Frameworks";
				PRODUCT_BUNDLE_IDENTIFIER = training.asu.FloatingHeadsTests;
				PRODUCT_NAME = "$(TARGET_NAME)";
				TEST_HOST = "$(BUILT_PRODUCTS_DIR)/FloatingHeads.app/FloatingHeads";
			};
			name = Debug;
		};
		12D509D91BBC5586005FC9B8 /* Release */ = {
			isa = XCBuildConfiguration;
			buildSettings = {
				BUNDLE_LOADER = "$(TEST_HOST)";
				INFOPLIST_FILE = FloatingHeadsTests/Info.plist;
				LD_RUNPATH_SEARCH_PATHS = "$(inherited) @executable_path/Frameworks @loader_path/Frameworks";
				PRODUCT_BUNDLE_IDENTIFIER = training.asu.FloatingHeadsTests;
				PRODUCT_NAME = "$(TARGET_NAME)";
				TEST_HOST = "$(BUILT_PRODUCTS_DIR)/FloatingHeads.app/FloatingHeads";
			};
			name = Release;
		};
/* End XCBuildConfiguration section */

/* Begin XCConfigurationList section */
		12D509B21BBC5585005FC9B8 /* Build configuration list for PBXProject "FloatingHeads" */ = {
			isa = XCConfigurationList;
			buildConfigurations = (
				12D509D21BBC5586005FC9B8 /* Debug */,
				12D509D31BBC5586005FC9B8 /* Release */,
			);
			defaultConfigurationIsVisible = 0;
			defaultConfigurationName = Release;
		};
		12D509D41BBC5586005FC9B8 /* Build configuration list for PBXNativeTarget "FloatingHeads" */ = {
			isa = XCConfigurationList;
			buildConfigurations = (
				12D509D51BBC5586005FC9B8 /* Debug */,
				12D509D61BBC5586005FC9B8 /* Release */,
			);
			defaultConfigurationIsVisible = 0;
		};
		12D509D71BBC5586005FC9B8 /* Build configuration list for PBXNativeTarget "FloatingHeadsTests" */ = {
			isa = XCConfigurationList;
			buildConfigurations = (
				12D509D81BBC5586005FC9B8 /* Debug */,
				12D509D91BBC5586005FC9B8 /* Release */,
			);
			defaultConfigurationIsVisible = 0;
		};
/* End XCConfigurationList section */
	};
	rootObject = 12D509AF1BBC5585005FC9B8 /* Project object */;
}
